// !$*UTF8*$!
{
	archiveVersion = 1;
	classes = {
	};
	objectVersion = 46;
	objects = {

/* Begin PBXBuildFile section */
		CDE69E221E7157C000D9BA64 /* AppDelegate.swift in Sources */ = {isa = PBXBuildFile; fileRef = CDE69E211E7157C000D9BA64 /* AppDelegate.swift */; };
		CDE69E241E7157C000D9BA64 /* ViewController.swift in Sources */ = {isa = PBXBuildFile; fileRef = CDE69E231E7157C000D9BA64 /* ViewController.swift */; };
		CDE69E271E7157C000D9BA64 /* Main.storyboard in Resources */ = {isa = PBXBuildFile; fileRef = CDE69E251E7157C000D9BA64 /* Main.storyboard */; };
		CDE69E2A1E7157C000D9BA64 /* day.xcdatamodeld in Sources */ = {isa = PBXBuildFile; fileRef = CDE69E281E7157C000D9BA64 /* day.xcdatamodeld */; };
		CDE69E2C1E7157C000D9BA64 /* Assets.xcassets in Resources */ = {isa = PBXBuildFile; fileRef = CDE69E2B1E7157C000D9BA64 /* Assets.xcassets */; };
		CDE69E2F1E7157C000D9BA64 /* LaunchScreen.storyboard in Resources */ = {isa = PBXBuildFile; fileRef = CDE69E2D1E7157C000D9BA64 /* LaunchScreen.storyboard */; };
/* End PBXBuildFile section */

/* Begin PBXFileReference section */
		CDE69E1E1E7157C000D9BA64 /* day.app */ = {isa = PBXFileReference; explicitFileType = wrapper.application; includeInIndex = 0; path = day.app; sourceTree = BUILT_PRODUCTS_DIR; };
		CDE69E211E7157C000D9BA64 /* AppDelegate.swift */ = {isa = PBXFileReference; lastKnownFileType = sourcecode.swift; path = AppDelegate.swift; sourceTree = "<group>"; };
		CDE69E231E7157C000D9BA64 /* ViewController.swift */ = {isa = PBXFileReference; lastKnownFileType = sourcecode.swift; path = ViewController.swift; sourceTree = "<group>"; };
		CDE69E261E7157C000D9BA64 /* Base */ = {isa = PBXFileReference; lastKnownFileType = file.storyboard; name = Base; path = Base.lproj/Main.storyboard; sourceTree = "<group>"; };
		CDE69E291E7157C000D9BA64 /* day.xcdatamodel */ = {isa = PBXFileReference; lastKnownFileType = wrapper.xcdatamodel; path = day.xcdatamodel; sourceTree = "<group>"; };
		CDE69E2B1E7157C000D9BA64 /* Assets.xcassets */ = {isa = PBXFileReference; lastKnownFileType = folder.assetcatalog; path = Assets.xcassets; sourceTree = "<group>"; };
		CDE69E2E1E7157C000D9BA64 /* Base */ = {isa = PBXFileReference; lastKnownFileType = file.storyboard; name = Base; path = Base.lproj/LaunchScreen.storyboard; sourceTree = "<group>"; };
		CDE69E301E7157C000D9BA64 /* Info.plist */ = {isa = PBXFileReference; lastKnownFileType = text.plist.xml; path = Info.plist; sourceTree = "<group>"; };
/* End PBXFileReference section */

/* Begin PBXFrameworksBuildPhase section */
		CDE69E1B1E7157C000D9BA64 /* Frameworks */ = {
			isa = PBXFrameworksBuildPhase;
			buildActionMask = 2147483647;
			files = (
			);
			runOnlyForDeploymentPostprocessing = 0;
		};
/* End PBXFrameworksBuildPhase section */

/* Begin PBXGroup section */
		CDE69E151E7157C000D9BA64 = {
			isa = PBXGroup;
			children = (
				CDE69E201E7157C000D9BA64 /* day */,
				CDE69E1F1E7157C000D9BA64 /* Products */,
			);
			sourceTree = "<group>";
		};
		CDE69E1F1E7157C000D9BA64 /* Products */ = {
			isa = PBXGroup;
			children = (
				CDE69E1E1E7157C000D9BA64 /* day.app */,
			);
			name = Products;
			sourceTree = "<group>";
		};
		CDE69E201E7157C000D9BA64 /* day */ = {
			isa = PBXGroup;
			children = (
				CDE69E211E7157C000D9BA64 /* AppDelegate.swift */,
				CDE69E231E7157C000D9BA64 /* ViewController.swift */,
				CDE69E251E7157C000D9BA64 /* Main.storyboard */,
				CDE69E2B1E7157C000D9BA64 /* Assets.xcassets */,
				CDE69E2D1E7157C000D9BA64 /* LaunchScreen.storyboard */,
				CDE69E301E7157C000D9BA64 /* Info.plist */,
				CDE69E281E7157C000D9BA64 /* day.xcdatamodeld */,
			);
			path = day;
			sourceTree = "<group>";
		};
/* End PBXGroup section */

/* Begin PBXNativeTarget section */
		CDE69E1D1E7157C000D9BA64 /* day */ = {
			isa = PBXNativeTarget;
			buildConfigurationList = CDE69E331E7157C000D9BA64 /* Build configuration list for PBXNativeTarget "day" */;
			buildPhases = (
				CDE69E1A1E7157C000D9BA64 /* Sources */,
				CDE69E1B1E7157C000D9BA64 /* Frameworks */,
				CDE69E1C1E7157C000D9BA64 /* Resources */,
			);
			buildRules = (
			);
			dependencies = (
			);
			name = day;
			productName = day;
			productReference = CDE69E1E1E7157C000D9BA64 /* day.app */;
			productType = "com.apple.product-type.application";
		};
/* End PBXNativeTarget section */

/* Begin PBXProject section */
		CDE69E161E7157C000D9BA64 /* Project object */ = {
			isa = PBXProject;
			attributes = {
				LastSwiftUpdateCheck = 0820;
				LastUpgradeCheck = 0820;
				ORGANIZATIONNAME = huanglch;
				TargetAttributes = {
					CDE69E1D1E7157C000D9BA64 = {
						CreatedOnToolsVersion = 8.2.1;
						ProvisioningStyle = Automatic;
					};
				};
			};
			buildConfigurationList = CDE69E191E7157C000D9BA64 /* Build configuration list for PBXProject "day" */;
			compatibilityVersion = "Xcode 3.2";
			developmentRegion = English;
			hasScannedForEncodings = 0;
			knownRegions = (
				en,
				Base,
			);
			mainGroup = CDE69E151E7157C000D9BA64;
			productRefGroup = CDE69E1F1E7157C000D9BA64 /* Products */;
			projectDirPath = "";
			projectRoot = "";
			targets = (
				CDE69E1D1E7157C000D9BA64 /* day */,
			);
		};
/* End PBXProject section */

/* Begin PBXResourcesBuildPhase section */
		CDE69E1C1E7157C000D9BA64 /* Resources */ = {
			isa = PBXResourcesBuildPhase;
			buildActionMask = 2147483647;
			files = (
				CDE69E2F1E7157C000D9BA64 /* LaunchScreen.storyboard in Resources */,
				CDE69E2C1E7157C000D9BA64 /* Assets.xcassets in Resources */,
				CDE69E271E7157C000D9BA64 /* Main.storyboard in Resources */,
			);
			runOnlyForDeploymentPostprocessing = 0;
		};
/* End PBXResourcesBuildPhase section */

/* Begin PBXSourcesBuildPhase section */
		CDE69E1A1E7157C000D9BA64 /* Sources */ = {
			isa = PBXSourcesBuildPhase;
			buildActionMask = 2147483647;
			files = (
				CDE69E241E7157C000D9BA64 /* ViewController.swift in Sources */,
				CDE69E221E7157C000D9BA64 /* AppDelegate.swift in Sources */,
				CDE69E2A1E7157C000D9BA64 /* day.xcdatamodeld in Sources */,
			);
			runOnlyForDeploymentPostprocessing = 0;
		};
/* End PBXSourcesBuildPhase section */

/* Begin PBXVariantGroup section */
		CDE69E251E7157C000D9BA64 /* Main.storyboard */ = {
			isa = PBXVariantGroup;
			children = (
				CDE69E261E7157C000D9BA64 /* Base */,
			);
			name = Main.storyboard;
			sourceTree = "<group>";
		};
		CDE69E2D1E7157C000D9BA64 /* LaunchScreen.storyboard */ = {
			isa = PBXVariantGroup;
			children = (
				CDE69E2E1E7157C000D9BA64 /* Base */,
			);
			name = LaunchScreen.storyboard;
			sourceTree = "<group>";
		};
/* End PBXVariantGroup section */

/* Begin XCBuildConfiguration section */
		CDE69E311E7157C000D9BA64 /* Debug */ = {
			isa = XCBuildConfiguration;
			buildSettings = {
				ALWAYS_SEARCH_USER_PATHS = NO;
				CLANG_ANALYZER_NONNULL = YES;
				CLANG_CXX_LANGUAGE_STANDARD = "gnu++0x";
				CLANG_CXX_LIBRARY = "libc++";
				CLANG_ENABLE_MODULES = YES;
				CLANG_ENABLE_OBJC_ARC = YES;
				CLANG_WARN_BOOL_CONVERSION = YES;
				CLANG_WARN_CONSTANT_CONVERSION = YES;
				CLANG_WARN_DIRECT_OBJC_ISA_USAGE = YES_ERROR;
				CLANG_WARN_DOCUMENTATION_COMMENTS = YES;
				CLANG_WARN_EMPTY_BODY = YES;
				CLANG_WARN_ENUM_CONVERSION = YES;
				CLANG_WARN_INFINITE_RECURSION = YES;
				CLANG_WARN_INT_CONVERSION = YES;
				CLANG_WARN_OBJC_ROOT_CLASS = YES_ERROR;
				CLANG_WARN_SUSPICIOUS_MOVE = YES;
				CLANG_WARN_UNREACHABLE_CODE = YES;
				CLANG_WARN__DUPLICATE_METHOD_MATCH = YES;
				"CODE_SIGN_IDENTITY[sdk=iphoneos*]" = "iPhone Developer";
				COPY_PHASE_STRIP = NO;
				DEBUG_INFORMATION_FORMAT = dwarf;
				ENABLE_STRICT_OBJC_MSGSEND = YES;
				ENABLE_TESTABILITY = YES;
				GCC_C_LANGUAGE_STANDARD = gnu99;
				GCC_DYNAMIC_NO_PIC = NO;
				GCC_NO_COMMON_BLOCKS = YES;
				GCC_OPTIMIZATION_LEVEL = 0;
				GCC_PREPROCESSOR_DEFINITIONS = (
					"DEBUG=1",
					"$(inherited)",
				);
				GCC_WARN_64_TO_32_BIT_CONVERSION = YES;
				GCC_WARN_ABOUT_RETURN_TYPE = YES_ERROR;
				GCC_WARN_UNDECLARED_SELECTOR = YES;
				GCC_WARN_UNINITIALIZED_AUTOS = YES_AGGRESSIVE;
				GCC_WARN_UNUSED_FUNCTION = YES;
				GCC_WARN_UNUSED_VARIABLE = YES;
				IPHONEOS_DEPLOYMENT_TARGET = 10.2;
				MTL_ENABLE_DEBUG_INFO = YES;
				ONLY_ACTIVE_ARCH = YES;
				SDKROOT = iphoneos;
				SWIFT_ACTIVE_COMPILATION_CONDITIONS = DEBUG;
				SWIFT_OPTIMIZATION_LEVEL = "-Onone";
				TARGETED_DEVICE_FAMILY = "1,2";
			};
			name = Debug;
		};
		CDE69E321E7157C000D9BA64 /* Release */ = {
			isa = XCBuildConfiguration;
			buildSettings = {
				ALWAYS_SEARCH_USER_PATHS = NO;
				CLANG_ANALYZER_NONNULL = YES;
				CLANG_CXX_LANGUAGE_STANDARD = "gnu++0x";
				CLANG_CXX_LIBRARY = "libc++";
				CLANG_ENABLE_MODULES = YES;
				CLANG_ENABLE_OBJC_ARC = YES;
				CLANG_WARN_BOOL_CONVERSION = YES;
				CLANG_WARN_CONSTANT_CONVERSION = YES;
				CLANG_WARN_DIRECT_OBJC_ISA_USAGE = YES_ERROR;
				CLANG_WARN_DOCUMENTATION_COMMENTS = YES;
				CLANG_WARN_EMPTY_BODY = YES;
				CLANG_WARN_ENUM_CONVERSION = YES;
				CLANG_WARN_INFINITE_RECURSION = YES;
				CLANG_WARN_INT_CONVERSION = YES;
				CLANG_WARN_OBJC_ROOT_CLASS = YES_ERROR;
				CLANG_WARN_SUSPICIOUS_MOVE = YES;
				CLANG_WARN_UNREACHABLE_CODE = YES;
				CLANG_WARN__DUPLICATE_METHOD_MATCH = YES;
				"CODE_SIGN_IDENTITY[sdk=iphoneos*]" = "iPhone Developer";
				COPY_PHASE_STRIP = NO;
				DEBUG_INFORMATION_FORMAT = "dwarf-with-dsym";
				ENABLE_NS_ASSERTIONS = NO;
				ENABLE_STRICT_OBJC_MSGSEND = YES;
				GCC_C_LANGUAGE_STANDARD = gnu99;
				GCC_NO_COMMON_BLOCKS = YES;
				GCC_WARN_64_TO_32_BIT_CONVERSION = YES;
				GCC_WARN_ABOUT_RETURN_TYPE = YES_ERROR;
				GCC_WARN_UNDECLARED_SELECTOR = YES;
				GCC_WARN_UNINITIALIZED_AUTOS = YES_AGGRESSIVE;
				GCC_WARN_UNUSED_FUNCTION = YES;
				GCC_WARN_UNUSED_VARIABLE = YES;
				IPHONEOS_DEPLOYMENT_TARGET = 10.2;
				MTL_ENABLE_DEBUG_INFO = NO;
				SDKROOT = iphoneos;
				SWIFT_OPTIMIZATION_LEVEL = "-Owholemodule";
				TARGETED_DEVICE_FAMILY = "1,2";
				VALIDATE_PRODUCT = YES;
			};
			name = Release;
		};
		CDE69E341E7157C000D9BA64 /* Debug */ = {
			isa = XCBuildConfiguration;
			buildSettings = {
				ASSETCATALOG_COMPILER_APPICON_NAME = AppIcon;
				INFOPLIST_FILE = day/Info.plist;
				LD_RUNPATH_SEARCH_PATHS = "$(inherited) @executable_path/Frameworks";
				PRODUCT_BUNDLE_IDENTIFIER = com.haolawyer.day;
				PRODUCT_NAME = "$(TARGET_NAME)";
				SWIFT_VERSION = 3.0;
			};
			name = Debug;
		};
		CDE69E351E7157C000D9BA64 /* Release */ = {
			isa = XCBuildConfiguration;
			buildSettings = {
				ASSETCATALOG_COMPILER_APPICON_NAME = AppIcon;
				INFOPLIST_FILE = day/Info.plist;
				LD_RUNPATH_SEARCH_PATHS = "$(inherited) @executable_path/Frameworks";
				PRODUCT_BUNDLE_IDENTIFIER = com.haolawyer.day;
				PRODUCT_NAME = "$(TARGET_NAME)";
				SWIFT_VERSION = 3.0;
			};
			name = Release;
		};
/* End XCBuildConfiguration section */

/* Begin XCConfigurationList section */
		CDE69E191E7157C000D9BA64 /* Build configuration list for PBXProject "day" */ = {
			isa = XCConfigurationList;
			buildConfigurations = (
				CDE69E311E7157C000D9BA64 /* Debug */,
				CDE69E321E7157C000D9BA64 /* Release */,
			);
			defaultConfigurationIsVisible = 0;
			defaultConfigurationName = Release;
		};
		CDE69E331E7157C000D9BA64 /* Build configuration list for PBXNativeTarget "day" */ = {
			isa = XCConfigurationList;
			buildConfigurations = (
				CDE69E341E7157C000D9BA64 /* Debug */,
				CDE69E351E7157C000D9BA64 /* Release */,
			);
			defaultConfigurationIsVisible = 0;
		};
/* End XCConfigurationList section */

/* Begin XCVersionGroup section */
		CDE69E281E7157C000D9BA64 /* day.xcdatamodeld */ = {
			isa = XCVersionGroup;
			children = (
				CDE69E291E7157C000D9BA64 /* day.xcdatamodel */,
			);
			currentVersion = CDE69E291E7157C000D9BA64 /* day.xcdatamodel */;
			path = day.xcdatamodeld;
			sourceTree = "<group>";
			versionGroupType = wrapper.xcdatamodel;
		};
/* End XCVersionGroup section */
	};
	rootObject = CDE69E161E7157C000D9BA64 /* Project object */;
}
