// !$*UTF8*$!
{
	archiveVersion = 1;
	classes = {
	};
	objectVersion = 46;
	objects = {

/* Begin PBXBuildFile section */
		CDA244071E7154AC00747C40 /* AppDelegate.swift in Sources */ = {isa = PBXBuildFile; fileRef = CDA244061E7154AC00747C40 /* AppDelegate.swift */; };
		CDA244091E7154AC00747C40 /* ViewController.swift in Sources */ = {isa = PBXBuildFile; fileRef = CDA244081E7154AC00747C40 /* ViewController.swift */; };
		CDA2440C1E7154AC00747C40 /* Main.storyboard in Resources */ = {isa = PBXBuildFile; fileRef = CDA2440A1E7154AC00747C40 /* Main.storyboard */; };
		CDA2440F1E7154AC00747C40 /* hard.xcdatamodeld in Sources */ = {isa = PBXBuildFile; fileRef = CDA2440D1E7154AC00747C40 /* hard.xcdatamodeld */; };
		CDA244111E7154AC00747C40 /* Assets.xcassets in Resources */ = {isa = PBXBuildFile; fileRef = CDA244101E7154AC00747C40 /* Assets.xcassets */; };
		CDA244141E7154AC00747C40 /* LaunchScreen.storyboard in Resources */ = {isa = PBXBuildFile; fileRef = CDA244121E7154AC00747C40 /* LaunchScreen.storyboard */; };
/* End PBXBuildFile section */

/* Begin PBXFileReference section */
		CDA244031E7154AC00747C40 /* hard.app */ = {isa = PBXFileReference; explicitFileType = wrapper.application; includeInIndex = 0; path = hard.app; sourceTree = BUILT_PRODUCTS_DIR; };
		CDA244061E7154AC00747C40 /* AppDelegate.swift */ = {isa = PBXFileReference; lastKnownFileType = sourcecode.swift; path = AppDelegate.swift; sourceTree = "<group>"; };
		CDA244081E7154AC00747C40 /* ViewController.swift */ = {isa = PBXFileReference; lastKnownFileType = sourcecode.swift; path = ViewController.swift; sourceTree = "<group>"; };
		CDA2440B1E7154AC00747C40 /* Base */ = {isa = PBXFileReference; lastKnownFileType = file.storyboard; name = Base; path = Base.lproj/Main.storyboard; sourceTree = "<group>"; };
		CDA2440E1E7154AC00747C40 /* hard.xcdatamodel */ = {isa = PBXFileReference; lastKnownFileType = wrapper.xcdatamodel; path = hard.xcdatamodel; sourceTree = "<group>"; };
		CDA244101E7154AC00747C40 /* Assets.xcassets */ = {isa = PBXFileReference; lastKnownFileType = folder.assetcatalog; path = Assets.xcassets; sourceTree = "<group>"; };
		CDA244131E7154AC00747C40 /* Base */ = {isa = PBXFileReference; lastKnownFileType = file.storyboard; name = Base; path = Base.lproj/LaunchScreen.storyboard; sourceTree = "<group>"; };
		CDA244151E7154AC00747C40 /* Info.plist */ = {isa = PBXFileReference; lastKnownFileType = text.plist.xml; path = Info.plist; sourceTree = "<group>"; };
/* End PBXFileReference section */

/* Begin PBXFrameworksBuildPhase section */
		CDA244001E7154AC00747C40 /* Frameworks */ = {
			isa = PBXFrameworksBuildPhase;
			buildActionMask = 2147483647;
			files = (
			);
			runOnlyForDeploymentPostprocessing = 0;
		};
/* End PBXFrameworksBuildPhase section */

/* Begin PBXGroup section */
		CDA243FA1E7154AC00747C40 = {
			isa = PBXGroup;
			children = (
				CDA244051E7154AC00747C40 /* hard */,
				CDA244041E7154AC00747C40 /* Products */,
			);
			sourceTree = "<group>";
		};
		CDA244041E7154AC00747C40 /* Products */ = {
			isa = PBXGroup;
			children = (
				CDA244031E7154AC00747C40 /* hard.app */,
			);
			name = Products;
			sourceTree = "<group>";
		};
		CDA244051E7154AC00747C40 /* hard */ = {
			isa = PBXGroup;
			children = (
				CDA244061E7154AC00747C40 /* AppDelegate.swift */,
				CDA244081E7154AC00747C40 /* ViewController.swift */,
				CDA2440A1E7154AC00747C40 /* Main.storyboard */,
				CDA244101E7154AC00747C40 /* Assets.xcassets */,
				CDA244121E7154AC00747C40 /* LaunchScreen.storyboard */,
				CDA244151E7154AC00747C40 /* Info.plist */,
				CDA2440D1E7154AC00747C40 /* hard.xcdatamodeld */,
			);
			path = hard;
			sourceTree = "<group>";
		};
/* End PBXGroup section */

/* Begin PBXNativeTarget section */
		CDA244021E7154AC00747C40 /* hard */ = {
			isa = PBXNativeTarget;
			buildConfigurationList = CDA244181E7154AC00747C40 /* Build configuration list for PBXNativeTarget "hard" */;
			buildPhases = (
				CDA243FF1E7154AC00747C40 /* Sources */,
				CDA244001E7154AC00747C40 /* Frameworks */,
				CDA244011E7154AC00747C40 /* Resources */,
			);
			buildRules = (
			);
			dependencies = (
			);
			name = hard;
			productName = hard;
			productReference = CDA244031E7154AC00747C40 /* hard.app */;
			productType = "com.apple.product-type.application";
		};
/* End PBXNativeTarget section */

/* Begin PBXProject section */
		CDA243FB1E7154AC00747C40 /* Project object */ = {
			isa = PBXProject;
			attributes = {
				LastSwiftUpdateCheck = 0820;
				LastUpgradeCheck = 0820;
				ORGANIZATIONNAME = huanglch;
				TargetAttributes = {
					CDA244021E7154AC00747C40 = {
						CreatedOnToolsVersion = 8.2.1;
						ProvisioningStyle = Automatic;
					};
				};
			};
			buildConfigurationList = CDA243FE1E7154AC00747C40 /* Build configuration list for PBXProject "hard" */;
			compatibilityVersion = "Xcode 3.2";
			developmentRegion = English;
			hasScannedForEncodings = 0;
			knownRegions = (
				en,
				Base,
			);
			mainGroup = CDA243FA1E7154AC00747C40;
			productRefGroup = CDA244041E7154AC00747C40 /* Products */;
			projectDirPath = "";
			projectRoot = "";
			targets = (
				CDA244021E7154AC00747C40 /* hard */,
			);
		};
/* End PBXProject section */

/* Begin PBXResourcesBuildPhase section */
		CDA244011E7154AC00747C40 /* Resources */ = {
			isa = PBXResourcesBuildPhase;
			buildActionMask = 2147483647;
			files = (
				CDA244141E7154AC00747C40 /* LaunchScreen.storyboard in Resources */,
				CDA244111E7154AC00747C40 /* Assets.xcassets in Resources */,
				CDA2440C1E7154AC00747C40 /* Main.storyboard in Resources */,
			);
			runOnlyForDeploymentPostprocessing = 0;
		};
/* End PBXResourcesBuildPhase section */

/* Begin PBXSourcesBuildPhase section */
		CDA243FF1E7154AC00747C40 /* Sources */ = {
			isa = PBXSourcesBuildPhase;
			buildActionMask = 2147483647;
			files = (
				CDA244091E7154AC00747C40 /* ViewController.swift in Sources */,
				CDA2440F1E7154AC00747C40 /* hard.xcdatamodeld in Sources */,
				CDA244071E7154AC00747C40 /* AppDelegate.swift in Sources */,
			);
			runOnlyForDeploymentPostprocessing = 0;
		};
/* End PBXSourcesBuildPhase section */

/* Begin PBXVariantGroup section */
		CDA2440A1E7154AC00747C40 /* Main.storyboard */ = {
			isa = PBXVariantGroup;
			children = (
				CDA2440B1E7154AC00747C40 /* Base */,
			);
			name = Main.storyboard;
			sourceTree = "<group>";
		};
		CDA244121E7154AC00747C40 /* LaunchScreen.storyboard */ = {
			isa = PBXVariantGroup;
			children = (
				CDA244131E7154AC00747C40 /* Base */,
			);
			name = LaunchScreen.storyboard;
			sourceTree = "<group>";
		};
/* End PBXVariantGroup section */

/* Begin XCBuildConfiguration section */
		CDA244161E7154AC00747C40 /* Debug */ = {
			isa = XCBuildConfiguration;
			buildSettings = {
				ALWAYS_SEARCH_USER_PATHS = NO;
				CLANG_ANALYZER_NONNULL = YES;
				CLANG_CXX_LANGUAGE_STANDARD = "gnu++0x";
				CLANG_CXX_LIBRARY = "libc++";
				CLANG_ENABLE_MODULES = YES;
				CLANG_ENABLE_OBJC_ARC = YES;
				CLANG_WARN_BOOL_CONVERSION = YES;
				CLANG_WARN_CONSTANT_CONVERSION = YES;
				CLANG_WARN_DIRECT_OBJC_ISA_USAGE = YES_ERROR;
				CLANG_WARN_DOCUMENTATION_COMMENTS = YES;
				CLANG_WARN_EMPTY_BODY = YES;
				CLANG_WARN_ENUM_CONVERSION = YES;
				CLANG_WARN_INFINITE_RECURSION = YES;
				CLANG_WARN_INT_CONVERSION = YES;
				CLANG_WARN_OBJC_ROOT_CLASS = YES_ERROR;
				CLANG_WARN_SUSPICIOUS_MOVE = YES;
				CLANG_WARN_UNREACHABLE_CODE = YES;
				CLANG_WARN__DUPLICATE_METHOD_MATCH = YES;
				"CODE_SIGN_IDENTITY[sdk=iphoneos*]" = "iPhone Developer";
				COPY_PHASE_STRIP = NO;
				DEBUG_INFORMATION_FORMAT = dwarf;
				ENABLE_STRICT_OBJC_MSGSEND = YES;
				ENABLE_TESTABILITY = YES;
				GCC_C_LANGUAGE_STANDARD = gnu99;
				GCC_DYNAMIC_NO_PIC = NO;
				GCC_NO_COMMON_BLOCKS = YES;
				GCC_OPTIMIZATION_LEVEL = 0;
				GCC_PREPROCESSOR_DEFINITIONS = (
					"DEBUG=1",
					"$(inherited)",
				);
				GCC_WARN_64_TO_32_BIT_CONVERSION = YES;
				GCC_WARN_ABOUT_RETURN_TYPE = YES_ERROR;
				GCC_WARN_UNDECLARED_SELECTOR = YES;
				GCC_WARN_UNINITIALIZED_AUTOS = YES_AGGRESSIVE;
				GCC_WARN_UNUSED_FUNCTION = YES;
				GCC_WARN_UNUSED_VARIABLE = YES;
				IPHONEOS_DEPLOYMENT_TARGET = 10.2;
				MTL_ENABLE_DEBUG_INFO = YES;
				ONLY_ACTIVE_ARCH = YES;
				SDKROOT = iphoneos;
				SWIFT_ACTIVE_COMPILATION_CONDITIONS = DEBUG;
				SWIFT_OPTIMIZATION_LEVEL = "-Onone";
				TARGETED_DEVICE_FAMILY = "1,2";
			};
			name = Debug;
		};
		CDA244171E7154AC00747C40 /* Release */ = {
			isa = XCBuildConfiguration;
			buildSettings = {
				ALWAYS_SEARCH_USER_PATHS = NO;
				CLANG_ANALYZER_NONNULL = YES;
				CLANG_CXX_LANGUAGE_STANDARD = "gnu++0x";
				CLANG_CXX_LIBRARY = "libc++";
				CLANG_ENABLE_MODULES = YES;
				CLANG_ENABLE_OBJC_ARC = YES;
				CLANG_WARN_BOOL_CONVERSION = YES;
				CLANG_WARN_CONSTANT_CONVERSION = YES;
				CLANG_WARN_DIRECT_OBJC_ISA_USAGE = YES_ERROR;
				CLANG_WARN_DOCUMENTATION_COMMENTS = YES;
				CLANG_WARN_EMPTY_BODY = YES;
				CLANG_WARN_ENUM_CONVERSION = YES;
				CLANG_WARN_INFINITE_RECURSION = YES;
				CLANG_WARN_INT_CONVERSION = YES;
				CLANG_WARN_OBJC_ROOT_CLASS = YES_ERROR;
				CLANG_WARN_SUSPICIOUS_MOVE = YES;
				CLANG_WARN_UNREACHABLE_CODE = YES;
				CLANG_WARN__DUPLICATE_METHOD_MATCH = YES;
				"CODE_SIGN_IDENTITY[sdk=iphoneos*]" = "iPhone Developer";
				COPY_PHASE_STRIP = NO;
				DEBUG_INFORMATION_FORMAT = "dwarf-with-dsym";
				ENABLE_NS_ASSERTIONS = NO;
				ENABLE_STRICT_OBJC_MSGSEND = YES;
				GCC_C_LANGUAGE_STANDARD = gnu99;
				GCC_NO_COMMON_BLOCKS = YES;
				GCC_WARN_64_TO_32_BIT_CONVERSION = YES;
				GCC_WARN_ABOUT_RETURN_TYPE = YES_ERROR;
				GCC_WARN_UNDECLARED_SELECTOR = YES;
				GCC_WARN_UNINITIALIZED_AUTOS = YES_AGGRESSIVE;
				GCC_WARN_UNUSED_FUNCTION = YES;
				GCC_WARN_UNUSED_VARIABLE = YES;
				IPHONEOS_DEPLOYMENT_TARGET = 10.2;
				MTL_ENABLE_DEBUG_INFO = NO;
				SDKROOT = iphoneos;
				SWIFT_OPTIMIZATION_LEVEL = "-Owholemodule";
				TARGETED_DEVICE_FAMILY = "1,2";
				VALIDATE_PRODUCT = YES;
			};
			name = Release;
		};
		CDA244191E7154AC00747C40 /* Debug */ = {
			isa = XCBuildConfiguration;
			buildSettings = {
				ASSETCATALOG_COMPILER_APPICON_NAME = AppIcon;
				INFOPLIST_FILE = hard/Info.plist;
				LD_RUNPATH_SEARCH_PATHS = "$(inherited) @executable_path/Frameworks";
				PRODUCT_BUNDLE_IDENTIFIER = com.haolawyer.hard;
				PRODUCT_NAME = "$(TARGET_NAME)";
				SWIFT_VERSION = 3.0;
			};
			name = Debug;
		};
		CDA2441A1E7154AC00747C40 /* Release */ = {
			isa = XCBuildConfiguration;
			buildSettings = {
				ASSETCATALOG_COMPILER_APPICON_NAME = AppIcon;
				INFOPLIST_FILE = hard/Info.plist;
				LD_RUNPATH_SEARCH_PATHS = "$(inherited) @executable_path/Frameworks";
				PRODUCT_BUNDLE_IDENTIFIER = com.haolawyer.hard;
				PRODUCT_NAME = "$(TARGET_NAME)";
				SWIFT_VERSION = 3.0;
			};
			name = Release;
		};
/* End XCBuildConfiguration section */

/* Begin XCConfigurationList section */
		CDA243FE1E7154AC00747C40 /* Build configuration list for PBXProject "hard" */ = {
			isa = XCConfigurationList;
			buildConfigurations = (
				CDA244161E7154AC00747C40 /* Debug */,
				CDA244171E7154AC00747C40 /* Release */,
			);
			defaultConfigurationIsVisible = 0;
			defaultConfigurationName = Release;
		};
		CDA244181E7154AC00747C40 /* Build configuration list for PBXNativeTarget "hard" */ = {
			isa = XCConfigurationList;
			buildConfigurations = (
				CDA244191E7154AC00747C40 /* Debug */,
				CDA2441A1E7154AC00747C40 /* Release */,
			);
			defaultConfigurationIsVisible = 0;
		};
/* End XCConfigurationList section */

/* Begin XCVersionGroup section */
		CDA2440D1E7154AC00747C40 /* hard.xcdatamodeld */ = {
			isa = XCVersionGroup;
			children = (
				CDA2440E1E7154AC00747C40 /* hard.xcdatamodel */,
			);
			currentVersion = CDA2440E1E7154AC00747C40 /* hard.xcdatamodel */;
			path = hard.xcdatamodeld;
			sourceTree = "<group>";
			versionGroupType = wrapper.xcdatamodel;
		};
/* End XCVersionGroup section */
	};
	rootObject = CDA243FB1E7154AC00747C40 /* Project object */;
}
